// !$*UTF8*$!
{
	archiveVersion = 1;
	classes = {
	};
	objectVersion = 51;
	objects = {

/* Begin PBXBuildFile section */
		B919A9C67F7454D7872BB557 /* Pods_PDInstagram.framework in Frameworks */ = {isa = PBXBuildFile; fileRef = 0DD5387B1351A613A60C427D /* Pods_PDInstagram.framework */; };
		CE7789192684D94200C7004A /* Home.storyboard in Resources */ = {isa = PBXBuildFile; fileRef = CE7789182684D94200C7004A /* Home.storyboard */; };
		CE77891B2684D95C00C7004A /* HomeViewController.swift in Sources */ = {isa = PBXBuildFile; fileRef = CE77891A2684D95C00C7004A /* HomeViewController.swift */; };
		CE77891D2684DA2D00C7004A /* PostImageCell.swift in Sources */ = {isa = PBXBuildFile; fileRef = CE77891C2684DA2D00C7004A /* PostImageCell.swift */; };
		CE77891F2684FDC700C7004A /* PostHeaderCell.swift in Sources */ = {isa = PBXBuildFile; fileRef = CE77891E2684FDC700C7004A /* PostHeaderCell.swift */; };
		CE7789212684FDD800C7004A /* PostActionCell.swift in Sources */ = {isa = PBXBuildFile; fileRef = CE7789202684FDD800C7004A /* PostActionCell.swift */; };
		CE796896268623E300527541 /* UIScreen+Size.swift in Sources */ = {isa = PBXBuildFile; fileRef = CE796895268623E300527541 /* UIScreen+Size.swift */; };
		CE8CD84B268A4E22001E2B17 /* FollowService.swift in Sources */ = {isa = PBXBuildFile; fileRef = CE8CD84A268A4E22001E2B17 /* FollowService.swift */; };
		CE8CD84D268A7CAC001E2B17 /* ProfileViewController.swift in Sources */ = {isa = PBXBuildFile; fileRef = CE8CD84C268A7CAC001E2B17 /* ProfileViewController.swift */; };
		CE8CD84F268A7D76001E2B17 /* FindFriendsViewController.swift in Sources */ = {isa = PBXBuildFile; fileRef = CE8CD84E268A7D76001E2B17 /* FindFriendsViewController.swift */; };
		CE8D450F269C7EC20052E057 /* ParameterEncoding.swift in Sources */ = {isa = PBXBuildFile; fileRef = CE8D4501269C7EC20052E057 /* ParameterEncoding.swift */; };
		CE8D4510269C7EC20052E057 /* URLParameterEncoder.swift in Sources */ = {isa = PBXBuildFile; fileRef = CE8D4502269C7EC20052E057 /* URLParameterEncoder.swift */; };
		CE8D4511269C7EC20052E057 /* JSONParameterEncoder.swift in Sources */ = {isa = PBXBuildFile; fileRef = CE8D4503269C7EC20052E057 /* JSONParameterEncoder.swift */; };
		CE8D4512269C7EC20052E057 /* Webservice.swift in Sources */ = {isa = PBXBuildFile; fileRef = CE8D4505269C7EC20052E057 /* Webservice.swift */; };
		CE8D4513269C7EC20052E057 /* ChallengeAPI.swift in Sources */ = {isa = PBXBuildFile; fileRef = CE8D4507269C7EC20052E057 /* ChallengeAPI.swift */; };
		CE8D4514269C7EC20052E057 /* VideoAPI.swift in Sources */ = {isa = PBXBuildFile; fileRef = CE8D4508269C7EC20052E057 /* VideoAPI.swift */; };
		CE8D4515269C7EC20052E057 /* RankingAPI.swift in Sources */ = {isa = PBXBuildFile; fileRef = CE8D4509269C7EC20052E057 /* RankingAPI.swift */; };
		CE8D4516269C7EC20052E057 /* ReviewAPI.swift in Sources */ = {isa = PBXBuildFile; fileRef = CE8D450A269C7EC20052E057 /* ReviewAPI.swift */; };
		CE8D4517269C7EC20052E057 /* NetworkRouter.swift in Sources */ = {isa = PBXBuildFile; fileRef = CE8D450C269C7EC20052E057 /* NetworkRouter.swift */; };
		CE8D4518269C7EC20052E057 /* HTTPTask.swift in Sources */ = {isa = PBXBuildFile; fileRef = CE8D450D269C7EC20052E057 /* HTTPTask.swift */; };
		CE8D4519269C7EC20052E057 /* EndPointType.swift in Sources */ = {isa = PBXBuildFile; fileRef = CE8D450E269C7EC20052E057 /* EndPointType.swift */; };
		CE8D451B269C815B0052E057 /* String+Utility.swift in Sources */ = {isa = PBXBuildFile; fileRef = CE8D451A269C815B0052E057 /* String+Utility.swift */; };
		CE8D451D269C82020052E057 /* Date+Formatter.swift in Sources */ = {isa = PBXBuildFile; fileRef = CE8D451C269C82020052E057 /* Date+Formatter.swift */; };
		CE8D451F269C822C0052E057 /* UIDevice+Utility.swift in Sources */ = {isa = PBXBuildFile; fileRef = CE8D451E269C822C0052E057 /* UIDevice+Utility.swift */; };
		CE8D4521269C84400052E057 /* FileManager+Utility.swift in Sources */ = {isa = PBXBuildFile; fileRef = CE8D4520269C84400052E057 /* FileManager+Utility.swift */; };
		CE8D4523269C85EE0052E057 /* UIViewController+HUD.swift in Sources */ = {isa = PBXBuildFile; fileRef = CE8D4522269C85EE0052E057 /* UIViewController+HUD.swift */; };
		CE8D4525269C8FED0052E057 /* Dictionary+Utility.swift in Sources */ = {isa = PBXBuildFile; fileRef = CE8D4524269C8FED0052E057 /* Dictionary+Utility.swift */; };
		CE8D452B269C92420052E057 /* BaseTabBarController.swift in Sources */ = {isa = PBXBuildFile; fileRef = CE8D4527269C923E0052E057 /* BaseTabBarController.swift */; };
		CE8D452C269C92440052E057 /* BaseViewController.swift in Sources */ = {isa = PBXBuildFile; fileRef = CE8D4528269C923E0052E057 /* BaseViewController.swift */; };
		CE8D452D269C92470052E057 /* BaseNavigationController.swift in Sources */ = {isa = PBXBuildFile; fileRef = CE8D452A269C923E0052E057 /* BaseNavigationController.swift */; };
		CE8D452E269C924A0052E057 /* BaseTableViewController.swift in Sources */ = {isa = PBXBuildFile; fileRef = CE8D4529269C923E0052E057 /* BaseTableViewController.swift */; };
		CE8D4533269CADFF0052E057 /* UserDefaults+Storage.swift in Sources */ = {isa = PBXBuildFile; fileRef = CE8D4532269CADFF0052E057 /* UserDefaults+Storage.swift */; };
		CE95464C2680CD33006B1C51 /* AppDelegate.swift in Sources */ = {isa = PBXBuildFile; fileRef = CE95464B2680CD33006B1C51 /* AppDelegate.swift */; };
		CE95464E2680CD33006B1C51 /* SceneDelegate.swift in Sources */ = {isa = PBXBuildFile; fileRef = CE95464D2680CD33006B1C51 /* SceneDelegate.swift */; };
		CE9546532680CD33006B1C51 /* Main.storyboard in Resources */ = {isa = PBXBuildFile; fileRef = CE9546512680CD33006B1C51 /* Main.storyboard */; };
		CE9546552680CD34006B1C51 /* Assets.xcassets in Resources */ = {isa = PBXBuildFile; fileRef = CE9546542680CD34006B1C51 /* Assets.xcassets */; };
		CE9546582680CD34006B1C51 /* LaunchScreen.storyboard in Resources */ = {isa = PBXBuildFile; fileRef = CE9546562680CD34006B1C51 /* LaunchScreen.storyboard */; };
		CE9546622680D9A5006B1C51 /* GoogleService-Info.plist in Resources */ = {isa = PBXBuildFile; fileRef = CE9546612680D9A5006B1C51 /* GoogleService-Info.plist */; };
		CE95466D2680F92C006B1C51 /* Login.storyboard in Resources */ = {isa = PBXBuildFile; fileRef = CE95466C2680F92C006B1C51 /* Login.storyboard */; };
		CE95466F2681120C006B1C51 /* LoginViewController.swift in Sources */ = {isa = PBXBuildFile; fileRef = CE95466E2681120C006B1C51 /* LoginViewController.swift */; };
		CE9A5B522689292E00A242A6 /* LikeService.swift in Sources */ = {isa = PBXBuildFile; fileRef = CE9A5B512689292E00A242A6 /* LikeService.swift */; };
		CEA1F02C268CB3750074525E /* FriendCell.swift in Sources */ = {isa = PBXBuildFile; fileRef = CEA1F02B268CB3750074525E /* FriendCell.swift */; };
		CEA1F02D268CB6760074525E /* Profile.storyboard in Resources */ = {isa = PBXBuildFile; fileRef = CE8CD850268A7D7E001E2B17 /* Profile.storyboard */; };
		CEA1F02F268CBA230074525E /* UIView+Utility.swift in Sources */ = {isa = PBXBuildFile; fileRef = CEA1F02E268CBA230074525E /* UIView+Utility.swift */; };
		CEA550D826900137003790E8 /* DatabaseReference+Location.swift in Sources */ = {isa = PBXBuildFile; fileRef = CEA550D726900137003790E8 /* DatabaseReference+Location.swift */; };
		CEA7ED79268E1B3700B1CC7C /* NotificationCenter+Post.swift in Sources */ = {isa = PBXBuildFile; fileRef = CEA7ED78268E1B3700B1CC7C /* NotificationCenter+Post.swift */; };
		CEB3E663268391D50017BE24 /* UserService.swift in Sources */ = {isa = PBXBuildFile; fileRef = CEB3E662268391D40017BE24 /* UserService.swift */; };
		CEB3E6652683A3270017BE24 /* Constants.swift in Sources */ = {isa = PBXBuildFile; fileRef = CEB3E6642683A3270017BE24 /* Constants.swift */; };
		CEB3E6672683A5130017BE24 /* UIStoryboard+Utility.swift in Sources */ = {isa = PBXBuildFile; fileRef = CEB3E6662683A5130017BE24 /* UIStoryboard+Utility.swift */; };
		CEB3E6692683BE620017BE24 /* MainTabBarController.swift in Sources */ = {isa = PBXBuildFile; fileRef = CEB3E6682683BE620017BE24 /* MainTabBarController.swift */; };
		CEB3E66B2683C7E00017BE24 /* PhotoHelper.swift in Sources */ = {isa = PBXBuildFile; fileRef = CEB3E66A2683C7E00017BE24 /* PhotoHelper.swift */; };
		CEB3E66D2683E7D30017BE24 /* StorageService.swift in Sources */ = {isa = PBXBuildFile; fileRef = CEB3E66C2683E7D30017BE24 /* StorageService.swift */; };
		CEB3E66F2683EFAF0017BE24 /* PostService.swift in Sources */ = {isa = PBXBuildFile; fileRef = CEB3E66E2683EFAF0017BE24 /* PostService.swift */; };
		CEB3E6712683F8750017BE24 /* Post.swift in Sources */ = {isa = PBXBuildFile; fileRef = CEB3E6702683F8750017BE24 /* Post.swift */; };
		CEB3E6732683FDB00017BE24 /* UIImage+Size.swift in Sources */ = {isa = PBXBuildFile; fileRef = CEB3E6722683FDB00017BE24 /* UIImage+Size.swift */; };
		CEB3E675268400740017BE24 /* StorageReference+Format.swift in Sources */ = {isa = PBXBuildFile; fileRef = CEB3E674268400740017BE24 /* StorageReference+Format.swift */; };
		CEB749B026822DE900CFA063 /* User.swift in Sources */ = {isa = PBXBuildFile; fileRef = CEB749AF26822DE900CFA063 /* User.swift */; };
		CEB749B226823AA500CFA063 /* CreateUsernameViewController.swift in Sources */ = {isa = PBXBuildFile; fileRef = CEB749B126823AA500CFA063 /* CreateUsernameViewController.swift */; };
		CEBBFB39269640D1006A4C09 /* UITableView+Utility.swift in Sources */ = {isa = PBXBuildFile; fileRef = CEBBFB38269640D1006A4C09 /* UITableView+Utility.swift */; };
		CEBBFB3B26964913006A4C09 /* PDPaginationHelper.swift in Sources */ = {isa = PBXBuildFile; fileRef = CEBBFB3A26964913006A4C09 /* PDPaginationHelper.swift */; };
		CEBBFB3E269740E8006A4C09 /* GreatVibes-Regular.otf in Resources */ = {isa = PBXBuildFile; fileRef = CEBBFB3D269740E8006A4C09 /* GreatVibes-Regular.otf */; };
		CEBBFB4026974392006A4C09 /* UIFont+Utility.swift in Sources */ = {isa = PBXBuildFile; fileRef = CEBBFB3F26974392006A4C09 /* UIFont+Utility.swift */; };
		CEBBFB4226974568006A4C09 /* UIColor+Utility.swift in Sources */ = {isa = PBXBuildFile; fileRef = CEBBFB4126974568006A4C09 /* UIColor+Utility.swift */; };
		CEBBFB442698D8EE006A4C09 /* PostCell.swift in Sources */ = {isa = PBXBuildFile; fileRef = CEBBFB432698D8EE006A4C09 /* PostCell.swift */; };
		CEBBFB462698DB49006A4C09 /* ProfileHeaderView.swift in Sources */ = {isa = PBXBuildFile; fileRef = CEBBFB452698DB49006A4C09 /* ProfileHeaderView.swift */; };
		CECAFF15269DD23700A724C5 /* ReviewController.swift in Sources */ = {isa = PBXBuildFile; fileRef = CECAFF14269DD23700A724C5 /* ReviewController.swift */; };
/* End PBXBuildFile section */

/* Begin PBXFileReference section */
		0DD5387B1351A613A60C427D /* Pods_PDInstagram.framework */ = {isa = PBXFileReference; explicitFileType = wrapper.framework; includeInIndex = 0; path = Pods_PDInstagram.framework; sourceTree = BUILT_PRODUCTS_DIR; };
		2F5BFB5EE709DFC0197A4181 /* Pods-PDInstagram.debug.xcconfig */ = {isa = PBXFileReference; includeInIndex = 1; lastKnownFileType = text.xcconfig; name = "Pods-PDInstagram.debug.xcconfig"; path = "Target Support Files/Pods-PDInstagram/Pods-PDInstagram.debug.xcconfig"; sourceTree = "<group>"; };
		84B649AD5F7A3A5EABFAAEDB /* Pods-PDInstagram.release.xcconfig */ = {isa = PBXFileReference; includeInIndex = 1; lastKnownFileType = text.xcconfig; name = "Pods-PDInstagram.release.xcconfig"; path = "Target Support Files/Pods-PDInstagram/Pods-PDInstagram.release.xcconfig"; sourceTree = "<group>"; };
		CE7789182684D94200C7004A /* Home.storyboard */ = {isa = PBXFileReference; fileEncoding = 4; lastKnownFileType = file.storyboard; path = Home.storyboard; sourceTree = "<group>"; };
		CE77891A2684D95C00C7004A /* HomeViewController.swift */ = {isa = PBXFileReference; lastKnownFileType = sourcecode.swift; path = HomeViewController.swift; sourceTree = "<group>"; };
		CE77891C2684DA2D00C7004A /* PostImageCell.swift */ = {isa = PBXFileReference; lastKnownFileType = sourcecode.swift; path = PostImageCell.swift; sourceTree = "<group>"; };
		CE77891E2684FDC700C7004A /* PostHeaderCell.swift */ = {isa = PBXFileReference; lastKnownFileType = sourcecode.swift; path = PostHeaderCell.swift; sourceTree = "<group>"; };
		CE7789202684FDD800C7004A /* PostActionCell.swift */ = {isa = PBXFileReference; lastKnownFileType = sourcecode.swift; path = PostActionCell.swift; sourceTree = "<group>"; };
		CE780596268277220042C860 /* PDInstagram.entitlements */ = {isa = PBXFileReference; lastKnownFileType = text.plist.entitlements; path = PDInstagram.entitlements; sourceTree = "<group>"; };
		CE796895268623E300527541 /* UIScreen+Size.swift */ = {isa = PBXFileReference; lastKnownFileType = sourcecode.swift; path = "UIScreen+Size.swift"; sourceTree = "<group>"; };
		CE8CD84A268A4E22001E2B17 /* FollowService.swift */ = {isa = PBXFileReference; lastKnownFileType = sourcecode.swift; path = FollowService.swift; sourceTree = "<group>"; };
		CE8CD84C268A7CAC001E2B17 /* ProfileViewController.swift */ = {isa = PBXFileReference; lastKnownFileType = sourcecode.swift; path = ProfileViewController.swift; sourceTree = "<group>"; };
		CE8CD84E268A7D76001E2B17 /* FindFriendsViewController.swift */ = {isa = PBXFileReference; lastKnownFileType = sourcecode.swift; path = FindFriendsViewController.swift; sourceTree = "<group>"; };
		CE8CD850268A7D7E001E2B17 /* Profile.storyboard */ = {isa = PBXFileReference; lastKnownFileType = file.storyboard; name = Profile.storyboard; path = /Users/user/PDInstagram/PDInstagram/Storyboards/Profile.storyboard; sourceTree = "<absolute>"; };
		CE8D4501269C7EC20052E057 /* ParameterEncoding.swift */ = {isa = PBXFileReference; fileEncoding = 4; lastKnownFileType = sourcecode.swift; path = ParameterEncoding.swift; sourceTree = "<group>"; };
		CE8D4502269C7EC20052E057 /* URLParameterEncoder.swift */ = {isa = PBXFileReference; fileEncoding = 4; lastKnownFileType = sourcecode.swift; path = URLParameterEncoder.swift; sourceTree = "<group>"; };
		CE8D4503269C7EC20052E057 /* JSONParameterEncoder.swift */ = {isa = PBXFileReference; fileEncoding = 4; lastKnownFileType = sourcecode.swift; path = JSONParameterEncoder.swift; sourceTree = "<group>"; };
		CE8D4505269C7EC20052E057 /* Webservice.swift */ = {isa = PBXFileReference; fileEncoding = 4; lastKnownFileType = sourcecode.swift; path = Webservice.swift; sourceTree = "<group>"; };
		CE8D4507269C7EC20052E057 /* ChallengeAPI.swift */ = {isa = PBXFileReference; fileEncoding = 4; lastKnownFileType = sourcecode.swift; path = ChallengeAPI.swift; sourceTree = "<group>"; };
		CE8D4508269C7EC20052E057 /* VideoAPI.swift */ = {isa = PBXFileReference; fileEncoding = 4; lastKnownFileType = sourcecode.swift; path = VideoAPI.swift; sourceTree = "<group>"; };
		CE8D4509269C7EC20052E057 /* RankingAPI.swift */ = {isa = PBXFileReference; fileEncoding = 4; lastKnownFileType = sourcecode.swift; path = RankingAPI.swift; sourceTree = "<group>"; };
		CE8D450A269C7EC20052E057 /* ReviewAPI.swift */ = {isa = PBXFileReference; fileEncoding = 4; lastKnownFileType = sourcecode.swift; path = ReviewAPI.swift; sourceTree = "<group>"; };
		CE8D450C269C7EC20052E057 /* NetworkRouter.swift */ = {isa = PBXFileReference; fileEncoding = 4; lastKnownFileType = sourcecode.swift; path = NetworkRouter.swift; sourceTree = "<group>"; };
		CE8D450D269C7EC20052E057 /* HTTPTask.swift */ = {isa = PBXFileReference; fileEncoding = 4; lastKnownFileType = sourcecode.swift; path = HTTPTask.swift; sourceTree = "<group>"; };
		CE8D450E269C7EC20052E057 /* EndPointType.swift */ = {isa = PBXFileReference; fileEncoding = 4; lastKnownFileType = sourcecode.swift; path = EndPointType.swift; sourceTree = "<group>"; };
		CE8D451A269C815B0052E057 /* String+Utility.swift */ = {isa = PBXFileReference; lastKnownFileType = sourcecode.swift; path = "String+Utility.swift"; sourceTree = "<group>"; };
		CE8D451C269C82020052E057 /* Date+Formatter.swift */ = {isa = PBXFileReference; lastKnownFileType = sourcecode.swift; path = "Date+Formatter.swift"; sourceTree = "<group>"; };
		CE8D451E269C822C0052E057 /* UIDevice+Utility.swift */ = {isa = PBXFileReference; lastKnownFileType = sourcecode.swift; path = "UIDevice+Utility.swift"; sourceTree = "<group>"; };
		CE8D4520269C84400052E057 /* FileManager+Utility.swift */ = {isa = PBXFileReference; lastKnownFileType = sourcecode.swift; path = "FileManager+Utility.swift"; sourceTree = "<group>"; };
		CE8D4522269C85EE0052E057 /* UIViewController+HUD.swift */ = {isa = PBXFileReference; lastKnownFileType = sourcecode.swift; path = "UIViewController+HUD.swift"; sourceTree = "<group>"; };
		CE8D4524269C8FED0052E057 /* Dictionary+Utility.swift */ = {isa = PBXFileReference; lastKnownFileType = sourcecode.swift; path = "Dictionary+Utility.swift"; sourceTree = "<group>"; };
		CE8D4527269C923E0052E057 /* BaseTabBarController.swift */ = {isa = PBXFileReference; lastKnownFileType = sourcecode.swift; path = BaseTabBarController.swift; sourceTree = "<group>"; };
		CE8D4528269C923E0052E057 /* BaseViewController.swift */ = {isa = PBXFileReference; lastKnownFileType = sourcecode.swift; path = BaseViewController.swift; sourceTree = "<group>"; };
		CE8D4529269C923E0052E057 /* BaseTableViewController.swift */ = {isa = PBXFileReference; lastKnownFileType = sourcecode.swift; path = BaseTableViewController.swift; sourceTree = "<group>"; };
		CE8D452A269C923E0052E057 /* BaseNavigationController.swift */ = {isa = PBXFileReference; lastKnownFileType = sourcecode.swift; path = BaseNavigationController.swift; sourceTree = "<group>"; };
		CE8D4532269CADFF0052E057 /* UserDefaults+Storage.swift */ = {isa = PBXFileReference; lastKnownFileType = sourcecode.swift; path = "UserDefaults+Storage.swift"; sourceTree = "<group>"; };
		CE9546482680CD33006B1C51 /* PDInstagram.app */ = {isa = PBXFileReference; explicitFileType = wrapper.application; includeInIndex = 0; path = PDInstagram.app; sourceTree = BUILT_PRODUCTS_DIR; };
		CE95464B2680CD33006B1C51 /* AppDelegate.swift */ = {isa = PBXFileReference; lastKnownFileType = sourcecode.swift; path = AppDelegate.swift; sourceTree = "<group>"; };
		CE95464D2680CD33006B1C51 /* SceneDelegate.swift */ = {isa = PBXFileReference; lastKnownFileType = sourcecode.swift; path = SceneDelegate.swift; sourceTree = "<group>"; };
		CE9546522680CD33006B1C51 /* Base */ = {isa = PBXFileReference; lastKnownFileType = file.storyboard; name = Base; path = Base.lproj/Main.storyboard; sourceTree = "<group>"; };
		CE9546542680CD34006B1C51 /* Assets.xcassets */ = {isa = PBXFileReference; lastKnownFileType = folder.assetcatalog; path = Assets.xcassets; sourceTree = "<group>"; };
		CE9546572680CD34006B1C51 /* Base */ = {isa = PBXFileReference; lastKnownFileType = file.storyboard; name = Base; path = Base.lproj/LaunchScreen.storyboard; sourceTree = "<group>"; };
		CE9546592680CD34006B1C51 /* Info.plist */ = {isa = PBXFileReference; lastKnownFileType = text.plist.xml; path = Info.plist; sourceTree = "<group>"; };
		CE9546612680D9A5006B1C51 /* GoogleService-Info.plist */ = {isa = PBXFileReference; fileEncoding = 4; lastKnownFileType = text.plist.xml; path = "GoogleService-Info.plist"; sourceTree = "<group>"; };
		CE95466C2680F92C006B1C51 /* Login.storyboard */ = {isa = PBXFileReference; lastKnownFileType = file.storyboard; path = Login.storyboard; sourceTree = "<group>"; };
		CE95466E2681120C006B1C51 /* LoginViewController.swift */ = {isa = PBXFileReference; lastKnownFileType = sourcecode.swift; path = LoginViewController.swift; sourceTree = "<group>"; };
		CE9A5B512689292E00A242A6 /* LikeService.swift */ = {isa = PBXFileReference; lastKnownFileType = sourcecode.swift; path = LikeService.swift; sourceTree = "<group>"; };
		CEA1F02B268CB3750074525E /* FriendCell.swift */ = {isa = PBXFileReference; lastKnownFileType = sourcecode.swift; path = FriendCell.swift; sourceTree = "<group>"; };
		CEA1F02E268CBA230074525E /* UIView+Utility.swift */ = {isa = PBXFileReference; lastKnownFileType = sourcecode.swift; path = "UIView+Utility.swift"; sourceTree = "<group>"; };
		CEA550D726900137003790E8 /* DatabaseReference+Location.swift */ = {isa = PBXFileReference; lastKnownFileType = sourcecode.swift; path = "DatabaseReference+Location.swift"; sourceTree = "<group>"; };
		CEA7ED78268E1B3700B1CC7C /* NotificationCenter+Post.swift */ = {isa = PBXFileReference; lastKnownFileType = sourcecode.swift; path = "NotificationCenter+Post.swift"; sourceTree = "<group>"; };
		CEB3E662268391D40017BE24 /* UserService.swift */ = {isa = PBXFileReference; lastKnownFileType = sourcecode.swift; path = UserService.swift; sourceTree = "<group>"; };
		CEB3E6642683A3270017BE24 /* Constants.swift */ = {isa = PBXFileReference; lastKnownFileType = sourcecode.swift; path = Constants.swift; sourceTree = "<group>"; };
		CEB3E6662683A5130017BE24 /* UIStoryboard+Utility.swift */ = {isa = PBXFileReference; lastKnownFileType = sourcecode.swift; path = "UIStoryboard+Utility.swift"; sourceTree = "<group>"; };
		CEB3E6682683BE620017BE24 /* MainTabBarController.swift */ = {isa = PBXFileReference; lastKnownFileType = sourcecode.swift; path = MainTabBarController.swift; sourceTree = "<group>"; };
		CEB3E66A2683C7E00017BE24 /* PhotoHelper.swift */ = {isa = PBXFileReference; lastKnownFileType = sourcecode.swift; path = PhotoHelper.swift; sourceTree = "<group>"; };
		CEB3E66C2683E7D30017BE24 /* StorageService.swift */ = {isa = PBXFileReference; lastKnownFileType = sourcecode.swift; path = StorageService.swift; sourceTree = "<group>"; };
		CEB3E66E2683EFAF0017BE24 /* PostService.swift */ = {isa = PBXFileReference; lastKnownFileType = sourcecode.swift; path = PostService.swift; sourceTree = "<group>"; };
		CEB3E6702683F8750017BE24 /* Post.swift */ = {isa = PBXFileReference; lastKnownFileType = sourcecode.swift; path = Post.swift; sourceTree = "<group>"; };
		CEB3E6722683FDB00017BE24 /* UIImage+Size.swift */ = {isa = PBXFileReference; lastKnownFileType = sourcecode.swift; path = "UIImage+Size.swift"; sourceTree = "<group>"; };
		CEB3E674268400740017BE24 /* StorageReference+Format.swift */ = {isa = PBXFileReference; lastKnownFileType = sourcecode.swift; path = "StorageReference+Format.swift"; sourceTree = "<group>"; };
		CEB749AF26822DE900CFA063 /* User.swift */ = {isa = PBXFileReference; lastKnownFileType = sourcecode.swift; path = User.swift; sourceTree = "<group>"; };
		CEB749B126823AA500CFA063 /* CreateUsernameViewController.swift */ = {isa = PBXFileReference; lastKnownFileType = sourcecode.swift; path = CreateUsernameViewController.swift; sourceTree = "<group>"; };
		CEBBFB38269640D1006A4C09 /* UITableView+Utility.swift */ = {isa = PBXFileReference; lastKnownFileType = sourcecode.swift; path = "UITableView+Utility.swift"; sourceTree = "<group>"; };
		CEBBFB3A26964913006A4C09 /* PDPaginationHelper.swift */ = {isa = PBXFileReference; lastKnownFileType = sourcecode.swift; path = PDPaginationHelper.swift; sourceTree = "<group>"; };
		CEBBFB3D269740E8006A4C09 /* GreatVibes-Regular.otf */ = {isa = PBXFileReference; lastKnownFileType = file; path = "GreatVibes-Regular.otf"; sourceTree = "<group>"; };
		CEBBFB3F26974392006A4C09 /* UIFont+Utility.swift */ = {isa = PBXFileReference; lastKnownFileType = sourcecode.swift; path = "UIFont+Utility.swift"; sourceTree = "<group>"; };
		CEBBFB4126974568006A4C09 /* UIColor+Utility.swift */ = {isa = PBXFileReference; lastKnownFileType = sourcecode.swift; path = "UIColor+Utility.swift"; sourceTree = "<group>"; };
		CEBBFB432698D8EE006A4C09 /* PostCell.swift */ = {isa = PBXFileReference; lastKnownFileType = sourcecode.swift; path = PostCell.swift; sourceTree = "<group>"; };
		CEBBFB452698DB49006A4C09 /* ProfileHeaderView.swift */ = {isa = PBXFileReference; lastKnownFileType = sourcecode.swift; path = ProfileHeaderView.swift; sourceTree = "<group>"; };
		CECAFF14269DD23700A724C5 /* ReviewController.swift */ = {isa = PBXFileReference; lastKnownFileType = sourcecode.swift; path = ReviewController.swift; sourceTree = "<group>"; };
/* End PBXFileReference section */

/* Begin PBXFrameworksBuildPhase section */
		CE9546452680CD33006B1C51 /* Frameworks */ = {
			isa = PBXFrameworksBuildPhase;
			buildActionMask = 2147483647;
			files = (
				B919A9C67F7454D7872BB557 /* Pods_PDInstagram.framework in Frameworks */,
			);
			runOnlyForDeploymentPostprocessing = 0;
		};
/* End PBXFrameworksBuildPhase section */

/* Begin PBXGroup section */
		33A75BD699A237C7E66CC668 /* Frameworks */ = {
			isa = PBXGroup;
			children = (
				0DD5387B1351A613A60C427D /* Pods_PDInstagram.framework */,
			);
			name = Frameworks;
			sourceTree = "<group>";
		};
		CE8D44FF269C7EC20052E057 /* Network */ = {
			isa = PBXGroup;
			children = (
				CE8D4500269C7EC20052E057 /* Encoding */,
				CE8D4504269C7EC20052E057 /* Manager */,
				CE8D4506269C7EC20052E057 /* EndPoint */,
				CE8D450B269C7EC20052E057 /* Service */,
			);
			path = Network;
			sourceTree = "<group>";
		};
		CE8D4500269C7EC20052E057 /* Encoding */ = {
			isa = PBXGroup;
			children = (
				CE8D4501269C7EC20052E057 /* ParameterEncoding.swift */,
				CE8D4502269C7EC20052E057 /* URLParameterEncoder.swift */,
				CE8D4503269C7EC20052E057 /* JSONParameterEncoder.swift */,
			);
			path = Encoding;
			sourceTree = "<group>";
		};
		CE8D4504269C7EC20052E057 /* Manager */ = {
			isa = PBXGroup;
			children = (
				CE8D4505269C7EC20052E057 /* Webservice.swift */,
			);
			path = Manager;
			sourceTree = "<group>";
		};
		CE8D4506269C7EC20052E057 /* EndPoint */ = {
			isa = PBXGroup;
			children = (
				CE8D4507269C7EC20052E057 /* ChallengeAPI.swift */,
				CE8D4508269C7EC20052E057 /* VideoAPI.swift */,
				CE8D4509269C7EC20052E057 /* RankingAPI.swift */,
				CE8D450A269C7EC20052E057 /* ReviewAPI.swift */,
			);
			path = EndPoint;
			sourceTree = "<group>";
		};
		CE8D450B269C7EC20052E057 /* Service */ = {
			isa = PBXGroup;
			children = (
				CE8D450C269C7EC20052E057 /* NetworkRouter.swift */,
				CE8D450D269C7EC20052E057 /* HTTPTask.swift */,
				CE8D450E269C7EC20052E057 /* EndPointType.swift */,
			);
			path = Service;
			sourceTree = "<group>";
		};
		CE8D4526269C923E0052E057 /* Base */ = {
			isa = PBXGroup;
			children = (
				CE8D4527269C923E0052E057 /* BaseTabBarController.swift */,
				CE8D4528269C923E0052E057 /* BaseViewController.swift */,
				CE8D4529269C923E0052E057 /* BaseTableViewController.swift */,
				CE8D452A269C923E0052E057 /* BaseNavigationController.swift */,
			);
			path = Base;
			sourceTree = "<group>";
		};
		CE95463F2680CD33006B1C51 = {
			isa = PBXGroup;
			children = (
				CE95464A2680CD33006B1C51 /* PDInstagram */,
				CE9546492680CD33006B1C51 /* Products */,
				CEFB90D2E9D4C1F49C934A26 /* Pods */,
				33A75BD699A237C7E66CC668 /* Frameworks */,
			);
			sourceTree = "<group>";
		};
		CE9546492680CD33006B1C51 /* Products */ = {
			isa = PBXGroup;
			children = (
				CE9546482680CD33006B1C51 /* PDInstagram.app */,
			);
			name = Products;
			sourceTree = "<group>";
		};
		CE95464A2680CD33006B1C51 /* PDInstagram */ = {
			isa = PBXGroup;
			children = (
				CE9546642680E7DB006B1C51 /* Models */,
				CE9546632680E7D2006B1C51 /* Views */,
				CE9546652680E7E2006B1C51 /* Controllers */,
				CE95466A2680E830006B1C51 /* Storyboards */,
				CE9546662680E7EB006B1C51 /* Services */,
				CE9546682680E7FC006B1C51 /* Extensions */,
				CE9546672680E7F5006B1C51 /* Helpers */,
				CE95466B2680E863006B1C51 /* AppDelegate */,
				CEBBFB3C269740CD006A4C09 /* Resources */,
				CE9546692680E818006B1C51 /* Supporting Files */,
			);
			path = PDInstagram;
			sourceTree = "<group>";
		};
		CE9546632680E7D2006B1C51 /* Views */ = {
			isa = PBXGroup;
			children = (
				CE77891C2684DA2D00C7004A /* PostImageCell.swift */,
				CE77891E2684FDC700C7004A /* PostHeaderCell.swift */,
				CE7789202684FDD800C7004A /* PostActionCell.swift */,
				CEA1F02B268CB3750074525E /* FriendCell.swift */,
				CEBBFB432698D8EE006A4C09 /* PostCell.swift */,
				CEBBFB452698DB49006A4C09 /* ProfileHeaderView.swift */,
			);
			path = Views;
			sourceTree = "<group>";
		};
		CE9546642680E7DB006B1C51 /* Models */ = {
			isa = PBXGroup;
			children = (
				CEB749AF26822DE900CFA063 /* User.swift */,
				CEB3E6702683F8750017BE24 /* Post.swift */,
			);
			path = Models;
			sourceTree = "<group>";
		};
		CE9546652680E7E2006B1C51 /* Controllers */ = {
			isa = PBXGroup;
			children = (
				CE8D4526269C923E0052E057 /* Base */,
				CE95466E2681120C006B1C51 /* LoginViewController.swift */,
				CEB749B126823AA500CFA063 /* CreateUsernameViewController.swift */,
				CEB3E6682683BE620017BE24 /* MainTabBarController.swift */,
				CE77891A2684D95C00C7004A /* HomeViewController.swift */,
				CECAFF14269DD23700A724C5 /* ReviewController.swift */,
				CE8CD84C268A7CAC001E2B17 /* ProfileViewController.swift */,
				CE8CD84E268A7D76001E2B17 /* FindFriendsViewController.swift */,
			);
			path = Controllers;
			sourceTree = "<group>";
		};
		CE9546662680E7EB006B1C51 /* Services */ = {
			isa = PBXGroup;
			children = (
				CE8D44FF269C7EC20052E057 /* Network */,
				CEB3E662268391D40017BE24 /* UserService.swift */,
				CEB3E66C2683E7D30017BE24 /* StorageService.swift */,
				CEB3E66E2683EFAF0017BE24 /* PostService.swift */,
				CE9A5B512689292E00A242A6 /* LikeService.swift */,
				CE8CD84A268A4E22001E2B17 /* FollowService.swift */,
			);
			path = Services;
			sourceTree = "<group>";
		};
		CE9546672680E7F5006B1C51 /* Helpers */ = {
			isa = PBXGroup;
			children = (
				CEB3E66A2683C7E00017BE24 /* PhotoHelper.swift */,
				CEBBFB3A26964913006A4C09 /* PDPaginationHelper.swift */,
			);
			path = Helpers;
			sourceTree = "<group>";
		};
		CE9546682680E7FC006B1C51 /* Extensions */ = {
			isa = PBXGroup;
			children = (
				CEB3E6662683A5130017BE24 /* UIStoryboard+Utility.swift */,
				CEA7ED78268E1B3700B1CC7C /* NotificationCenter+Post.swift */,
				CE796895268623E300527541 /* UIScreen+Size.swift */,
				CEB3E6722683FDB00017BE24 /* UIImage+Size.swift */,
				CEB3E674268400740017BE24 /* StorageReference+Format.swift */,
				CEA1F02E268CBA230074525E /* UIView+Utility.swift */,
				CEA550D726900137003790E8 /* DatabaseReference+Location.swift */,
				CEBBFB38269640D1006A4C09 /* UITableView+Utility.swift */,
				CEBBFB3F26974392006A4C09 /* UIFont+Utility.swift */,
				CEBBFB4126974568006A4C09 /* UIColor+Utility.swift */,
				CE8D451A269C815B0052E057 /* String+Utility.swift */,
				CE8D451C269C82020052E057 /* Date+Formatter.swift */,
				CE8D451E269C822C0052E057 /* UIDevice+Utility.swift */,
				CE8D4520269C84400052E057 /* FileManager+Utility.swift */,
				CE8D4522269C85EE0052E057 /* UIViewController+HUD.swift */,
				CE8D4524269C8FED0052E057 /* Dictionary+Utility.swift */,
				CE8D4532269CADFF0052E057 /* UserDefaults+Storage.swift */,
			);
			path = Extensions;
			sourceTree = "<group>";
		};
		CE9546692680E818006B1C51 /* Supporting Files */ = {
			isa = PBXGroup;
			children = (
				CE780596268277220042C860 /* PDInstagram.entitlements */,
				CEB3E6642683A3270017BE24 /* Constants.swift */,
				CE9546542680CD34006B1C51 /* Assets.xcassets */,
				CE9546592680CD34006B1C51 /* Info.plist */,
				CE9546612680D9A5006B1C51 /* GoogleService-Info.plist */,
			);
			path = "Supporting Files";
			sourceTree = "<group>";
		};
		CE95466A2680E830006B1C51 /* Storyboards */ = {
			isa = PBXGroup;
			children = (
				CE8CD850268A7D7E001E2B17 /* Profile.storyboard */,
				CE7789182684D94200C7004A /* Home.storyboard */,
				CE9546512680CD33006B1C51 /* Main.storyboard */,
				CE9546562680CD34006B1C51 /* LaunchScreen.storyboard */,
				CE95466C2680F92C006B1C51 /* Login.storyboard */,
			);
			path = Storyboards;
			sourceTree = "<group>";
		};
		CE95466B2680E863006B1C51 /* AppDelegate */ = {
			isa = PBXGroup;
			children = (
				CE95464B2680CD33006B1C51 /* AppDelegate.swift */,
				CE95464D2680CD33006B1C51 /* SceneDelegate.swift */,
			);
			path = AppDelegate;
			sourceTree = "<group>";
		};
		CEBBFB3C269740CD006A4C09 /* Resources */ = {
			isa = PBXGroup;
			children = (
				CEBBFB3D269740E8006A4C09 /* GreatVibes-Regular.otf */,
			);
			path = Resources;
			sourceTree = "<group>";
		};
		CEFB90D2E9D4C1F49C934A26 /* Pods */ = {
			isa = PBXGroup;
			children = (
				2F5BFB5EE709DFC0197A4181 /* Pods-PDInstagram.debug.xcconfig */,
				84B649AD5F7A3A5EABFAAEDB /* Pods-PDInstagram.release.xcconfig */,
			);
			path = Pods;
			sourceTree = "<group>";
		};
/* End PBXGroup section */

/* Begin PBXNativeTarget section */
		CE9546472680CD33006B1C51 /* PDInstagram */ = {
			isa = PBXNativeTarget;
			buildConfigurationList = CE95465C2680CD34006B1C51 /* Build configuration list for PBXNativeTarget "PDInstagram" */;
			buildPhases = (
				7A75560E86D8E528AAE6583A /* [CP] Check Pods Manifest.lock */,
				CE9546442680CD33006B1C51 /* Sources */,
				CE9546452680CD33006B1C51 /* Frameworks */,
				CE9546462680CD33006B1C51 /* Resources */,
				1C4A1A09F8C205190A3A3F5C /* [CP] Embed Pods Frameworks */,
				9D0BBF89E0937B9FFDC2988D /* [CP] Copy Pods Resources */,
			);
			buildRules = (
			);
			dependencies = (
			);
			name = PDInstagram;
			productName = PDInstagram;
			productReference = CE9546482680CD33006B1C51 /* PDInstagram.app */;
			productType = "com.apple.product-type.application";
		};
/* End PBXNativeTarget section */

/* Begin PBXProject section */
		CE9546402680CD33006B1C51 /* Project object */ = {
			isa = PBXProject;
			attributes = {
				LastSwiftUpdateCheck = 1250;
				LastUpgradeCheck = 1250;
				TargetAttributes = {
					CE9546472680CD33006B1C51 = {
						CreatedOnToolsVersion = 12.5;
					};
				};
			};
			buildConfigurationList = CE9546432680CD33006B1C51 /* Build configuration list for PBXProject "PDInstagram" */;
			compatibilityVersion = "Xcode 9.3";
			developmentRegion = en;
			hasScannedForEncodings = 0;
			knownRegions = (
				en,
				Base,
			);
			mainGroup = CE95463F2680CD33006B1C51;
			productRefGroup = CE9546492680CD33006B1C51 /* Products */;
			projectDirPath = "";
			projectRoot = "";
			targets = (
				CE9546472680CD33006B1C51 /* PDInstagram */,
			);
		};
/* End PBXProject section */

/* Begin PBXResourcesBuildPhase section */
		CE9546462680CD33006B1C51 /* Resources */ = {
			isa = PBXResourcesBuildPhase;
			buildActionMask = 2147483647;
			files = (
				CEBBFB3E269740E8006A4C09 /* GreatVibes-Regular.otf in Resources */,
				CE9546582680CD34006B1C51 /* LaunchScreen.storyboard in Resources */,
				CE9546622680D9A5006B1C51 /* GoogleService-Info.plist in Resources */,
				CE9546552680CD34006B1C51 /* Assets.xcassets in Resources */,
				CE7789192684D94200C7004A /* Home.storyboard in Resources */,
				CE95466D2680F92C006B1C51 /* Login.storyboard in Resources */,
				CEA1F02D268CB6760074525E /* Profile.storyboard in Resources */,
				CE9546532680CD33006B1C51 /* Main.storyboard in Resources */,
			);
			runOnlyForDeploymentPostprocessing = 0;
		};
/* End PBXResourcesBuildPhase section */

/* Begin PBXShellScriptBuildPhase section */
		1C4A1A09F8C205190A3A3F5C /* [CP] Embed Pods Frameworks */ = {
			isa = PBXShellScriptBuildPhase;
			buildActionMask = 2147483647;
			files = (
			);
			inputFileListPaths = (
				"${PODS_ROOT}/Target Support Files/Pods-PDInstagram/Pods-PDInstagram-frameworks-${CONFIGURATION}-input-files.xcfilelist",
			);
			name = "[CP] Embed Pods Frameworks";
			outputFileListPaths = (
				"${PODS_ROOT}/Target Support Files/Pods-PDInstagram/Pods-PDInstagram-frameworks-${CONFIGURATION}-output-files.xcfilelist",
			);
			runOnlyForDeploymentPostprocessing = 0;
			shellPath = /bin/sh;
			shellScript = "\"${PODS_ROOT}/Target Support Files/Pods-PDInstagram/Pods-PDInstagram-frameworks.sh\"\n";
			showEnvVarsInLog = 0;
		};
		7A75560E86D8E528AAE6583A /* [CP] Check Pods Manifest.lock */ = {
			isa = PBXShellScriptBuildPhase;
			buildActionMask = 2147483647;
			files = (
			);
			inputFileListPaths = (
			);
			inputPaths = (
				"${PODS_PODFILE_DIR_PATH}/Podfile.lock",
				"${PODS_ROOT}/Manifest.lock",
			);
			name = "[CP] Check Pods Manifest.lock";
			outputFileListPaths = (
			);
			outputPaths = (
				"$(DERIVED_FILE_DIR)/Pods-PDInstagram-checkManifestLockResult.txt",
			);
			runOnlyForDeploymentPostprocessing = 0;
			shellPath = /bin/sh;
			shellScript = "diff \"${PODS_PODFILE_DIR_PATH}/Podfile.lock\" \"${PODS_ROOT}/Manifest.lock\" > /dev/null\nif [ $? != 0 ] ; then\n    # print error to STDERR\n    echo \"error: The sandbox is not in sync with the Podfile.lock. Run 'pod install' or update your CocoaPods installation.\" >&2\n    exit 1\nfi\n# This output is used by Xcode 'outputs' to avoid re-running this script phase.\necho \"SUCCESS\" > \"${SCRIPT_OUTPUT_FILE_0}\"\n";
			showEnvVarsInLog = 0;
		};
		9D0BBF89E0937B9FFDC2988D /* [CP] Copy Pods Resources */ = {
			isa = PBXShellScriptBuildPhase;
			buildActionMask = 2147483647;
			files = (
			);
			inputFileListPaths = (
				"${PODS_ROOT}/Target Support Files/Pods-PDInstagram/Pods-PDInstagram-resources-${CONFIGURATION}-input-files.xcfilelist",
			);
			name = "[CP] Copy Pods Resources";
			outputFileListPaths = (
				"${PODS_ROOT}/Target Support Files/Pods-PDInstagram/Pods-PDInstagram-resources-${CONFIGURATION}-output-files.xcfilelist",
			);
			runOnlyForDeploymentPostprocessing = 0;
			shellPath = /bin/sh;
			shellScript = "\"${PODS_ROOT}/Target Support Files/Pods-PDInstagram/Pods-PDInstagram-resources.sh\"\n";
			showEnvVarsInLog = 0;
		};
/* End PBXShellScriptBuildPhase section */

/* Begin PBXSourcesBuildPhase section */
		CE9546442680CD33006B1C51 /* Sources */ = {
			isa = PBXSourcesBuildPhase;
			buildActionMask = 2147483647;
			files = (
				CE8D4533269CADFF0052E057 /* UserDefaults+Storage.swift in Sources */,
				CE8D4525269C8FED0052E057 /* Dictionary+Utility.swift in Sources */,
				CE8CD84B268A4E22001E2B17 /* FollowService.swift in Sources */,
				CE8D451D269C82020052E057 /* Date+Formatter.swift in Sources */,
				CEB749B026822DE900CFA063 /* User.swift in Sources */,
				CE95466F2681120C006B1C51 /* LoginViewController.swift in Sources */,
				CEB3E66B2683C7E00017BE24 /* PhotoHelper.swift in Sources */,
				CEA1F02F268CBA230074525E /* UIView+Utility.swift in Sources */,
				CEA1F02C268CB3750074525E /* FriendCell.swift in Sources */,
				CE8D4512269C7EC20052E057 /* Webservice.swift in Sources */,
				CEB3E6692683BE620017BE24 /* MainTabBarController.swift in Sources */,
				CE8D450F269C7EC20052E057 /* ParameterEncoding.swift in Sources */,
				CE8D4510269C7EC20052E057 /* URLParameterEncoder.swift in Sources */,
				CE8D4514269C7EC20052E057 /* VideoAPI.swift in Sources */,
				CE8CD84F268A7D76001E2B17 /* FindFriendsViewController.swift in Sources */,
				CEBBFB442698D8EE006A4C09 /* PostCell.swift in Sources */,
				CE8D452C269C92440052E057 /* BaseViewController.swift in Sources */,
				CE8D451F269C822C0052E057 /* UIDevice+Utility.swift in Sources */,
				CEB3E6712683F8750017BE24 /* Post.swift in Sources */,
				CE7789212684FDD800C7004A /* PostActionCell.swift in Sources */,
				CE8D4515269C7EC20052E057 /* RankingAPI.swift in Sources */,
				CEB3E663268391D50017BE24 /* UserService.swift in Sources */,
				CEBBFB3B26964913006A4C09 /* PDPaginationHelper.swift in Sources */,
				CE8D4513269C7EC20052E057 /* ChallengeAPI.swift in Sources */,
				CEBBFB4226974568006A4C09 /* UIColor+Utility.swift in Sources */,
				CE77891D2684DA2D00C7004A /* PostImageCell.swift in Sources */,
				CEB3E6672683A5130017BE24 /* UIStoryboard+Utility.swift in Sources */,
				CE8D4517269C7EC20052E057 /* NetworkRouter.swift in Sources */,
				CE8D4521269C84400052E057 /* FileManager+Utility.swift in Sources */,
				CE8D451B269C815B0052E057 /* String+Utility.swift in Sources */,
				CE95464C2680CD33006B1C51 /* AppDelegate.swift in Sources */,
				CEA550D826900137003790E8 /* DatabaseReference+Location.swift in Sources */,
				CEB3E675268400740017BE24 /* StorageReference+Format.swift in Sources */,
				CE8D4523269C85EE0052E057 /* UIViewController+HUD.swift in Sources */,
				CEBBFB4026974392006A4C09 /* UIFont+Utility.swift in Sources */,
				CEB3E6732683FDB00017BE24 /* UIImage+Size.swift in Sources */,
				CEBBFB462698DB49006A4C09 /* ProfileHeaderView.swift in Sources */,
				CE8D4516269C7EC20052E057 /* ReviewAPI.swift in Sources */,
				CE8D452B269C92420052E057 /* BaseTabBarController.swift in Sources */,
				CEBBFB39269640D1006A4C09 /* UITableView+Utility.swift in Sources */,
				CECAFF15269DD23700A724C5 /* ReviewController.swift in Sources */,
				CEB3E66F2683EFAF0017BE24 /* PostService.swift in Sources */,
				CE77891B2684D95C00C7004A /* HomeViewController.swift in Sources */,
				CE8CD84D268A7CAC001E2B17 /* ProfileViewController.swift in Sources */,
				CE8D452E269C924A0052E057 /* BaseTableViewController.swift in Sources */,
				CE796896268623E300527541 /* UIScreen+Size.swift in Sources */,
				CE8D4511269C7EC20052E057 /* JSONParameterEncoder.swift in Sources */,
				CEB3E6652683A3270017BE24 /* Constants.swift in Sources */,
				CE9A5B522689292E00A242A6 /* LikeService.swift in Sources */,
				CE8D4519269C7EC20052E057 /* EndPointType.swift in Sources */,
				CEB749B226823AA500CFA063 /* CreateUsernameViewController.swift in Sources */,
				CEB3E66D2683E7D30017BE24 /* StorageService.swift in Sources */,
				CE8D4518269C7EC20052E057 /* HTTPTask.swift in Sources */,
				CE8D452D269C92470052E057 /* BaseNavigationController.swift in Sources */,
				CE77891F2684FDC700C7004A /* PostHeaderCell.swift in Sources */,
				CEA7ED79268E1B3700B1CC7C /* NotificationCenter+Post.swift in Sources */,
				CE95464E2680CD33006B1C51 /* SceneDelegate.swift in Sources */,
			);
			runOnlyForDeploymentPostprocessing = 0;
		};
/* End PBXSourcesBuildPhase section */

/* Begin PBXVariantGroup section */
		CE9546512680CD33006B1C51 /* Main.storyboard */ = {
			isa = PBXVariantGroup;
			children = (
				CE9546522680CD33006B1C51 /* Base */,
			);
			name = Main.storyboard;
			sourceTree = "<group>";
		};
		CE9546562680CD34006B1C51 /* LaunchScreen.storyboard */ = {
			isa = PBXVariantGroup;
			children = (
				CE9546572680CD34006B1C51 /* Base */,
			);
			name = LaunchScreen.storyboard;
			sourceTree = "<group>";
		};
/* End PBXVariantGroup section */

/* Begin XCBuildConfiguration section */
		CE95465A2680CD34006B1C51 /* Debug */ = {
			isa = XCBuildConfiguration;
			buildSettings = {
				ALWAYS_SEARCH_USER_PATHS = NO;
				CLANG_ANALYZER_NONNULL = YES;
				CLANG_ANALYZER_NUMBER_OBJECT_CONVERSION = YES_AGGRESSIVE;
				CLANG_CXX_LANGUAGE_STANDARD = "gnu++14";
				CLANG_CXX_LIBRARY = "libc++";
				CLANG_ENABLE_MODULES = YES;
				CLANG_ENABLE_OBJC_ARC = YES;
				CLANG_ENABLE_OBJC_WEAK = YES;
				CLANG_WARN_BLOCK_CAPTURE_AUTORELEASING = YES;
				CLANG_WARN_BOOL_CONVERSION = YES;
				CLANG_WARN_COMMA = YES;
				CLANG_WARN_CONSTANT_CONVERSION = YES;
				CLANG_WARN_DEPRECATED_OBJC_IMPLEMENTATIONS = YES;
				CLANG_WARN_DIRECT_OBJC_ISA_USAGE = YES_ERROR;
				CLANG_WARN_DOCUMENTATION_COMMENTS = YES;
				CLANG_WARN_EMPTY_BODY = YES;
				CLANG_WARN_ENUM_CONVERSION = YES;
				CLANG_WARN_INFINITE_RECURSION = YES;
				CLANG_WARN_INT_CONVERSION = YES;
				CLANG_WARN_NON_LITERAL_NULL_CONVERSION = YES;
				CLANG_WARN_OBJC_IMPLICIT_RETAIN_SELF = YES;
				CLANG_WARN_OBJC_LITERAL_CONVERSION = YES;
				CLANG_WARN_OBJC_ROOT_CLASS = YES_ERROR;
				CLANG_WARN_QUOTED_INCLUDE_IN_FRAMEWORK_HEADER = YES;
				CLANG_WARN_RANGE_LOOP_ANALYSIS = YES;
				CLANG_WARN_STRICT_PROTOTYPES = YES;
				CLANG_WARN_SUSPICIOUS_MOVE = YES;
				CLANG_WARN_UNGUARDED_AVAILABILITY = YES_AGGRESSIVE;
				CLANG_WARN_UNREACHABLE_CODE = YES;
				CLANG_WARN__DUPLICATE_METHOD_MATCH = YES;
				COPY_PHASE_STRIP = NO;
				DEBUG_INFORMATION_FORMAT = dwarf;
				ENABLE_STRICT_OBJC_MSGSEND = YES;
				ENABLE_TESTABILITY = YES;
				GCC_C_LANGUAGE_STANDARD = gnu11;
				GCC_DYNAMIC_NO_PIC = NO;
				GCC_NO_COMMON_BLOCKS = YES;
				GCC_OPTIMIZATION_LEVEL = 0;
				GCC_PREPROCESSOR_DEFINITIONS = (
					"DEBUG=1",
					"$(inherited)",
				);
				GCC_WARN_64_TO_32_BIT_CONVERSION = YES;
				GCC_WARN_ABOUT_RETURN_TYPE = YES_ERROR;
				GCC_WARN_UNDECLARED_SELECTOR = YES;
				GCC_WARN_UNINITIALIZED_AUTOS = YES_AGGRESSIVE;
				GCC_WARN_UNUSED_FUNCTION = YES;
				GCC_WARN_UNUSED_VARIABLE = YES;
				IPHONEOS_DEPLOYMENT_TARGET = 14.5;
				MTL_ENABLE_DEBUG_INFO = INCLUDE_SOURCE;
				MTL_FAST_MATH = YES;
				ONLY_ACTIVE_ARCH = YES;
				SDKROOT = iphoneos;
				SWIFT_ACTIVE_COMPILATION_CONDITIONS = DEBUG;
				SWIFT_OPTIMIZATION_LEVEL = "-Onone";
			};
			name = Debug;
		};
		CE95465B2680CD34006B1C51 /* Release */ = {
			isa = XCBuildConfiguration;
			buildSettings = {
				ALWAYS_SEARCH_USER_PATHS = NO;
				CLANG_ANALYZER_NONNULL = YES;
				CLANG_ANALYZER_NUMBER_OBJECT_CONVERSION = YES_AGGRESSIVE;
				CLANG_CXX_LANGUAGE_STANDARD = "gnu++14";
				CLANG_CXX_LIBRARY = "libc++";
				CLANG_ENABLE_MODULES = YES;
				CLANG_ENABLE_OBJC_ARC = YES;
				CLANG_ENABLE_OBJC_WEAK = YES;
				CLANG_WARN_BLOCK_CAPTURE_AUTORELEASING = YES;
				CLANG_WARN_BOOL_CONVERSION = YES;
				CLANG_WARN_COMMA = YES;
				CLANG_WARN_CONSTANT_CONVERSION = YES;
				CLANG_WARN_DEPRECATED_OBJC_IMPLEMENTATIONS = YES;
				CLANG_WARN_DIRECT_OBJC_ISA_USAGE = YES_ERROR;
				CLANG_WARN_DOCUMENTATION_COMMENTS = YES;
				CLANG_WARN_EMPTY_BODY = YES;
				CLANG_WARN_ENUM_CONVERSION = YES;
				CLANG_WARN_INFINITE_RECURSION = YES;
				CLANG_WARN_INT_CONVERSION = YES;
				CLANG_WARN_NON_LITERAL_NULL_CONVERSION = YES;
				CLANG_WARN_OBJC_IMPLICIT_RETAIN_SELF = YES;
				CLANG_WARN_OBJC_LITERAL_CONVERSION = YES;
				CLANG_WARN_OBJC_ROOT_CLASS = YES_ERROR;
				CLANG_WARN_QUOTED_INCLUDE_IN_FRAMEWORK_HEADER = YES;
				CLANG_WARN_RANGE_LOOP_ANALYSIS = YES;
				CLANG_WARN_STRICT_PROTOTYPES = YES;
				CLANG_WARN_SUSPICIOUS_MOVE = YES;
				CLANG_WARN_UNGUARDED_AVAILABILITY = YES_AGGRESSIVE;
				CLANG_WARN_UNREACHABLE_CODE = YES;
				CLANG_WARN__DUPLICATE_METHOD_MATCH = YES;
				COPY_PHASE_STRIP = NO;
				DEBUG_INFORMATION_FORMAT = "dwarf-with-dsym";
				ENABLE_NS_ASSERTIONS = NO;
				ENABLE_STRICT_OBJC_MSGSEND = YES;
				GCC_C_LANGUAGE_STANDARD = gnu11;
				GCC_NO_COMMON_BLOCKS = YES;
				GCC_WARN_64_TO_32_BIT_CONVERSION = YES;
				GCC_WARN_ABOUT_RETURN_TYPE = YES_ERROR;
				GCC_WARN_UNDECLARED_SELECTOR = YES;
				GCC_WARN_UNINITIALIZED_AUTOS = YES_AGGRESSIVE;
				GCC_WARN_UNUSED_FUNCTION = YES;
				GCC_WARN_UNUSED_VARIABLE = YES;
				IPHONEOS_DEPLOYMENT_TARGET = 14.5;
				MTL_ENABLE_DEBUG_INFO = NO;
				MTL_FAST_MATH = YES;
				SDKROOT = iphoneos;
				SWIFT_COMPILATION_MODE = wholemodule;
				SWIFT_OPTIMIZATION_LEVEL = "-O";
				VALIDATE_PRODUCT = YES;
			};
			name = Release;
		};
		CE95465D2680CD34006B1C51 /* Debug */ = {
			isa = XCBuildConfiguration;
			baseConfigurationReference = 2F5BFB5EE709DFC0197A4181 /* Pods-PDInstagram.debug.xcconfig */;
			buildSettings = {
				ASSETCATALOG_COMPILER_APPICON_NAME = AppIcon;
				ASSETCATALOG_COMPILER_GLOBAL_ACCENT_COLOR_NAME = AccentColor;
				CODE_SIGN_ENTITLEMENTS = PDInstagram/PDInstagram.entitlements;
				CODE_SIGN_STYLE = Automatic;
				DEVELOPMENT_TEAM = KP5C2HFX82;
				INFOPLIST_FILE = "PDInstagram/Supporting Files/Info.plist";
				LD_RUNPATH_SEARCH_PATHS = (
					"$(inherited)",
					"@executable_path/Frameworks",
				);
				PRODUCT_BUNDLE_IDENTIFIER = Lostboy.com.PDInstagram;
				PRODUCT_NAME = "$(TARGET_NAME)";
				SWIFT_VERSION = 5.0;
				TARGETED_DEVICE_FAMILY = "1,2";
			};
			name = Debug;
		};
		CE95465E2680CD34006B1C51 /* Release */ = {
			isa = XCBuildConfiguration;
			baseConfigurationReference = 84B649AD5F7A3A5EABFAAEDB /* Pods-PDInstagram.release.xcconfig */;
			buildSettings = {
				ASSETCATALOG_COMPILER_APPICON_NAME = AppIcon;
				ASSETCATALOG_COMPILER_GLOBAL_ACCENT_COLOR_NAME = AccentColor;
				CODE_SIGN_ENTITLEMENTS = PDInstagram/PDInstagram.entitlements;
				CODE_SIGN_STYLE = Automatic;
				DEVELOPMENT_TEAM = KP5C2HFX82;
				INFOPLIST_FILE = "PDInstagram/Supporting Files/Info.plist";
				LD_RUNPATH_SEARCH_PATHS = (
					"$(inherited)",
					"@executable_path/Frameworks",
				);
				PRODUCT_BUNDLE_IDENTIFIER = Lostboy.com.PDInstagram;
				PRODUCT_NAME = "$(TARGET_NAME)";
				SWIFT_VERSION = 5.0;
				TARGETED_DEVICE_FAMILY = "1,2";
			};
			name = Release;
		};
/* End XCBuildConfiguration section */

/* Begin XCConfigurationList section */
		CE9546432680CD33006B1C51 /* Build configuration list for PBXProject "PDInstagram" */ = {
			isa = XCConfigurationList;
			buildConfigurations = (
				CE95465A2680CD34006B1C51 /* Debug */,
				CE95465B2680CD34006B1C51 /* Release */,
			);
			defaultConfigurationIsVisible = 0;
			defaultConfigurationName = Release;
		};
		CE95465C2680CD34006B1C51 /* Build configuration list for PBXNativeTarget "PDInstagram" */ = {
			isa = XCConfigurationList;
			buildConfigurations = (
				CE95465D2680CD34006B1C51 /* Debug */,
				CE95465E2680CD34006B1C51 /* Release */,
			);
			defaultConfigurationIsVisible = 0;
			defaultConfigurationName = Release;
		};
/* End XCConfigurationList section */
	};
	rootObject = CE9546402680CD33006B1C51 /* Project object */;
}
